
Microsoft Visual Studio Solution File, Format Version 12.00
# Visual Studio Version 16
VisualStudioVersion = 16.0.31605.320
MinimumVisualStudioVersion = 10.0.40219.1
Project("{9A19103F-16F7-4668-BE54-9A1E7A4F7556}") = "AnimeWebproject", "AnimeWebproject\AnimeWebproject.csproj", "{D2FA426C-C896-4BD1-A334-6D43D616970E}"
EndProject
Global
	GlobalSection(SolutionConfigurationPlatforms) = preSolution
		Debug|Any CPU = Debug|Any CPU
		Release|Any CPU = Release|Any CPU
	EndGlobalSection
	GlobalSection(ProjectConfigurationPlatforms) = postSolution
		{D2FA426C-C896-4BD1-A334-6D43D616970E}.Debug|Any CPU.ActiveCfg = Debug|Any CPU
		{D2FA426C-C896-4BD1-A334-6D43D616970E}.Debug|Any CPU.Build.0 = Debug|Any CPU
		{D2FA426C-C896-4BD1-A334-6D43D616970E}.Release|Any CPU.ActiveCfg = Release|Any CPU
		{D2FA426C-C896-4BD1-A334-6D43D616970E}.Release|Any CPU.Build.0 = Release|Any CPU
	EndGlobalSection
	GlobalSection(SolutionProperties) = preSolution
		HideSolutionNode = FALSE
	EndGlobalSection
	GlobalSection(ExtensibilityGlobals) = postSolution
		SolutionGuid = {E0D7A959-82F2-4269-83FF-1A9900D444B4}
	EndGlobalSection
EndGlobal
